
Microsoft Visual Studio Solution File, Format Version 12.00
# Visual Studio Version 16
VisualStudioVersion = 16.0.29411.108
MinimumVisualStudioVersion = 10.0.40219.1
Project("{8BC9CEB8-8B4A-11D0-8D11-00A0C91BC942}") = "练习", "练习.vcxproj", "{A10E40CB-2495-4A61-9065-5E079C172045}"
EndProject
Global
	GlobalSection(SolutionConfigurationPlatforms) = preSolution
		Debug|x64 = Debug|x64
		Debug|x86 = Debug|x86
		Release|x64 = Release|x64
		Release|x86 = Release|x86
	EndGlobalSection
	GlobalSection(ProjectConfigurationPlatforms) = postSolution
		{A10E40CB-2495-4A61-9065-5E079C172045}.Debug|x64.ActiveCfg = Debug|x64
		{A10E40CB-2495-4A61-9065-5E079C172045}.Debug|x64.Build.0 = Debug|x64
		{A10E40CB-2495-4A61-9065-5E079C172045}.Debug|x86.ActiveCfg = Debug|Win32
		{A10E40CB-2495-4A61-9065-5E079C172045}.Debug|x86.Build.0 = Debug|Win32
		{A10E40CB-2495-4A61-9065-5E079C172045}.Release|x64.ActiveCfg = Release|x64
		{A10E40CB-2495-4A61-9065-5E079C172045}.Release|x64.Build.0 = Release|x64
		{A10E40CB-2495-4A61-9065-5E079C172045}.Release|x86.ActiveCfg = Release|Win32
		{A10E40CB-2495-4A61-9065-5E079C172045}.Release|x86.Build.0 = Release|Win32
	EndGlobalSection
	GlobalSection(SolutionProperties) = preSolution
		HideSolutionNode = FALSE
	EndGlobalSection
	GlobalSection(ExtensibilityGlobals) = postSolution
		SolutionGuid = {51EA07A1-5AEA-4990-8EAA-74B156A6B296}
	EndGlobalSection
EndGlobal
